<?xml version="1.0" encoding="utf-8"?>
<Project ToolsVersion="4.0" xmlns="http://schemas.microsoft.com/developer/msbuild/2003">
  <ItemGroup>
    <Filter Include="Source Files">
      <UniqueIdentifier>{4FC737F1-C7A5-4376-A066-2A32D752A2FF}</UniqueIdentifier>
      <Extensions>cpp;c;cc;cxx;def;odl;idl;hpj;bat;asm;asmx</Extensions>
    </Filter>
    <Filter Include="Header Files">
      <UniqueIdentifier>{93995380-89BD-4b04-88EB-625FBE52EBFB}</UniqueIdentifier>
      <Extensions>h;hpp;hxx;hm;inl;inc;xsd</Extensions>
    </Filter>
    <Filter Include="Resource Files">
      <UniqueIdentifier>{67DA6AB6-F800-4c08-8B7A-83BB121AAD01}</UniqueIdentifier>
      <Extensions>rc;ico;cur;bmp;dlg;rc2;rct;bin;rgs;gif;jpg;jpeg;jpe;resx;tiff;tif;png;wav;mfcribbon-ms</Extensions>
    </Filter>
    <Filter Include="Source Files\Scene">
      <UniqueIdentifier>{ba47b375-1c08-4f07-922d-b3fe481c80fe}</UniqueIdentifier>
    </Filter>
    <Filter Include="Header Files\Scene">
      <UniqueIdentifier>{d1fb0cb4-1915-4cec-b1d0-e4ae8f5a9838}</UniqueIdentifier>
    </Filter>
    <Filter Include="Source Files\Handlers">
      <UniqueIdentifier>{662f728f-a3bd-4121-8254-1c9d490c0aba}</UniqueIdentifier>
    </Filter>
    <Filter Include="Source Files\Scene\Template Objects">
      <UniqueIdentifier>{9f059770-5709-4690-9f8d-cd1272733dd6}</UniqueIdentifier>
    </Filter>
    <Filter Include="Header Files\Scene\Template Objects">
      <UniqueIdentifier>{d5123ab9-7112-405f-9b9b-8463ee097faf}</UniqueIdentifier>
    </Filter>
    <Filter Include="Header Files\Handlers">
      <UniqueIdentifier>{2ab4daed-bd32-4c75-880e-ff00d02f3260}</UniqueIdentifier>
    </Filter>
    <Filter Include="Source Files\Interface">
      <UniqueIdentifier>{eb34dc10-fe73-47d8-aebb-b56da145f7fd}</UniqueIdentifier>
    </Filter>
    <Filter Include="Header Files\Interface">
      <UniqueIdentifier>{de7608b0-33f8-44d8-961d-6fc91dae648b}</UniqueIdentifier>
    </Filter>
  </ItemGroup>
  <ItemGroup>
    <ClCompile Include="system.cpp">
      <Filter>Source Files</Filter>
    </ClCompile>
    <ClCompile Include="display.cpp">
      <Filter>Source Files\Handlers</Filter>
    </ClCompile>
    <ClCompile Include="input.cpp">
      <Filter>Source Files\Handlers</Filter>
    </ClCompile>
    <ClCompile Include="world.cpp">
      <Filter>Source Files\Scene</Filter>
    </ClCompile>
    <ClCompile Include="camera.cpp">
      <Filter>Source Files\Scene</Filter>
    </ClCompile>
    <ClCompile Include="atom.cpp">
      <Filter>Source Files\Scene\Template Objects</Filter>
    </ClCompile>
    <ClCompile Include="box.cpp">
      <Filter>Source Files\Scene\Template Objects</Filter>
    </ClCompile>
    <ClCompile Include="interface.cpp">
      <Filter>Source Files\Interface</Filter>
    </ClCompile>
    <ClCompile Include="settings.cpp">
      <Filter>Source Files</Filter>
    </ClCompile>
    <ClCompile Include="octree.cpp">
      <Filter>Source Files\Scene</Filter>
    </ClCompile>
  </ItemGroup>
  <ItemGroup>
    <ClInclude Include="world.h">
      <Filter>Header Files\Scene</Filter>
    </ClInclude>
    <ClInclude Include="camera.h">
      <Filter>Header Files\Scene</Filter>
    </ClInclude>
    <ClInclude Include="atom.h">
      <Filter>Header Files\Scene\Template Objects</Filter>
    </ClInclude>
    <ClInclude Include="box.h">
      <Filter>Header Files\Scene\Template Objects</Filter>
    </ClInclude>
    <ClInclude Include="display.h">
      <Filter>Header Files\Handlers</Filter>
    </ClInclude>
    <ClInclude Include="input.h">
      <Filter>Header Files\Handlers</Filter>
    </ClInclude>
    <ClInclude Include="interface.h">
      <Filter>Header Files\Interface</Filter>
    </ClInclude>
    <ClInclude Include="settings.h">
      <Filter>Header Files</Filter>
    </ClInclude>
    <ClInclude Include="octree.h">
      <Filter>Header Files\Scene\Template Objects</Filter>
    </ClInclude>
    <ClInclude Include="ball.h">
      <Filter>Header Files\Scene\Template Objects</Filter>
    </ClInclude>
  </ItemGroup>
  <ItemGroup>
    <None Include="LCD.ttf">
      <Filter>Resource Files</Filter>
    </None>
  </ItemGroup>
</Project>